
Microsoft Visual Studio Solution File, Format Version 12.00
# Visual Studio Version 17
VisualStudioVersion = 17.9.34728.123
MinimumVisualStudioVersion = 10.0.40219.1
Project("{FAE04EC0-301F-11D3-BF4B-00C04F79EFBC}") = "InClassTest", "InClassTest\InClassTest.csproj", "{B072A7A4-E0C8-4324-B0A3-49FB4E3971B4}"
EndProject
Global
	GlobalSection(SolutionConfigurationPlatforms) = preSolution
		Debug|Any CPU = Debug|Any CPU
		Release|Any CPU = Release|Any CPU
	EndGlobalSection
	GlobalSection(ProjectConfigurationPlatforms) = postSolution
		{B072A7A4-E0C8-4324-B0A3-49FB4E3971B4}.Debug|Any CPU.ActiveCfg = Debug|Any CPU
		{B072A7A4-E0C8-4324-B0A3-49FB4E3971B4}.Debug|Any CPU.Build.0 = Debug|Any CPU
		{B072A7A4-E0C8-4324-B0A3-49FB4E3971B4}.Release|Any CPU.ActiveCfg = Release|Any CPU
		{B072A7A4-E0C8-4324-B0A3-49FB4E3971B4}.Release|Any CPU.Build.0 = Release|Any CPU
	EndGlobalSection
	GlobalSection(SolutionProperties) = preSolution
		HideSolutionNode = FALSE
	EndGlobalSection
	GlobalSection(ExtensibilityGlobals) = postSolution
		SolutionGuid = {EC1E3191-B30A-491E-AF25-DE7E96E33283}
	EndGlobalSection
EndGlobal
